{
  "requires": true,
  "lockfileVersion": 1,
  "dependencies": {
    "@splidejs/splide": {
      "version": "2.2.7",
      "resolved": "https://registry.npmjs.org/@splidejs/splide/-/splide-2.2.7.tgz",
      "integrity": "sha512-Eaj2pa5tKczoODhDtqsQdeeLme0QJCxyUBD3IL+QQMDYHrbpAKHjQ7NfO5G53QhGLtz4tw77VyusE+2pwWHy9Q=="
    }
  }
}
